
Microsoft Visual Studio Solution File, Format Version 12.00
# Visual Studio 15
VisualStudioVersion = 15.0.27004.2009
MinimumVisualStudioVersion = 10.0.40219.1
Project("{9A19103F-16F7-4668-BE54-9A1E7A4F7556}") = "Scaffold", "Scaffold\Scaffold.csproj", "{3F4F4D88-AA8D-4BE3-B3A7-9976B68207FB}"
EndProject
Project("{9A19103F-16F7-4668-BE54-9A1E7A4F7556}") = "Scaffold.Demo", "Scaffold.Demo\Scaffold.Demo.csproj", "{B4C790AE-D093-494D-B317-657C97F7E2F1}"
EndProject
Project("{FAE04EC0-301F-11D3-BF4B-00C04F79EFBC}") = "Scaffold.Tests", "Scaffold.Tests\Scaffold.Tests.csproj", "{DDAF2F99-FEE3-4035-970C-775CDCABFFEF}"
EndProject
Global
	GlobalSection(SolutionConfigurationPlatforms) = preSolution
		Debug|Any CPU = Debug|Any CPU
		Release|Any CPU = Release|Any CPU
	EndGlobalSection
	GlobalSection(ProjectConfigurationPlatforms) = postSolution
		{3F4F4D88-AA8D-4BE3-B3A7-9976B68207FB}.Debug|Any CPU.ActiveCfg = Debug|Any CPU
		{3F4F4D88-AA8D-4BE3-B3A7-9976B68207FB}.Debug|Any CPU.Build.0 = Debug|Any CPU
		{3F4F4D88-AA8D-4BE3-B3A7-9976B68207FB}.Release|Any CPU.ActiveCfg = Release|Any CPU
		{3F4F4D88-AA8D-4BE3-B3A7-9976B68207FB}.Release|Any CPU.Build.0 = Release|Any CPU
		{B4C790AE-D093-494D-B317-657C97F7E2F1}.Debug|Any CPU.ActiveCfg = Debug|Any CPU
		{B4C790AE-D093-494D-B317-657C97F7E2F1}.Debug|Any CPU.Build.0 = Debug|Any CPU
		{B4C790AE-D093-494D-B317-657C97F7E2F1}.Release|Any CPU.ActiveCfg = Release|Any CPU
		{B4C790AE-D093-494D-B317-657C97F7E2F1}.Release|Any CPU.Build.0 = Release|Any CPU
		{DDAF2F99-FEE3-4035-970C-775CDCABFFEF}.Debug|Any CPU.ActiveCfg = Debug|Any CPU
		{DDAF2F99-FEE3-4035-970C-775CDCABFFEF}.Debug|Any CPU.Build.0 = Debug|Any CPU
		{DDAF2F99-FEE3-4035-970C-775CDCABFFEF}.Release|Any CPU.ActiveCfg = Release|Any CPU
		{DDAF2F99-FEE3-4035-970C-775CDCABFFEF}.Release|Any CPU.Build.0 = Release|Any CPU
	EndGlobalSection
	GlobalSection(SolutionProperties) = preSolution
		HideSolutionNode = FALSE
	EndGlobalSection
	GlobalSection(ExtensibilityGlobals) = postSolution
		SolutionGuid = {D3D67B59-7413-4652-BC06-C1D6C3C2828E}
	EndGlobalSection
EndGlobal
